
Microsoft Visual Studio Solution File, Format Version 12.00
# Visual Studio Version 17
VisualStudioVersion = 17.8.34316.72
MinimumVisualStudioVersion = 10.0.40219.1
Project("{8BC9CEB8-8B4A-11D0-8D11-00A0C91BC942}") = "Practice 7 - cpp", "Practice 7 - cpp\Practice 7 - cpp.vcxproj", "{583B8BA1-9D2A-4507-BC5B-B90D5BD3CEEF}"
EndProject
Global
	GlobalSection(SolutionConfigurationPlatforms) = preSolution
		Debug|x64 = Debug|x64
		Debug|x86 = Debug|x86
		Release|x64 = Release|x64
		Release|x86 = Release|x86
	EndGlobalSection
	GlobalSection(ProjectConfigurationPlatforms) = postSolution
		{583B8BA1-9D2A-4507-BC5B-B90D5BD3CEEF}.Debug|x64.ActiveCfg = Debug|x64
		{583B8BA1-9D2A-4507-BC5B-B90D5BD3CEEF}.Debug|x64.Build.0 = Debug|x64
		{583B8BA1-9D2A-4507-BC5B-B90D5BD3CEEF}.Debug|x86.ActiveCfg = Debug|Win32
		{583B8BA1-9D2A-4507-BC5B-B90D5BD3CEEF}.Debug|x86.Build.0 = Debug|Win32
		{583B8BA1-9D2A-4507-BC5B-B90D5BD3CEEF}.Release|x64.ActiveCfg = Release|x64
		{583B8BA1-9D2A-4507-BC5B-B90D5BD3CEEF}.Release|x64.Build.0 = Release|x64
		{583B8BA1-9D2A-4507-BC5B-B90D5BD3CEEF}.Release|x86.ActiveCfg = Release|Win32
		{583B8BA1-9D2A-4507-BC5B-B90D5BD3CEEF}.Release|x86.Build.0 = Release|Win32
	EndGlobalSection
	GlobalSection(SolutionProperties) = preSolution
		HideSolutionNode = FALSE
	EndGlobalSection
	GlobalSection(ExtensibilityGlobals) = postSolution
		SolutionGuid = {6692DF46-9A72-4C0B-B3E4-1BF09DFA1CFB}
	EndGlobalSection
EndGlobal
